
Microsoft Visual Studio Solution File, Format Version 12.00
# Visual Studio 15
VisualStudioVersion = 15.0.27004.2006
MinimumVisualStudioVersion = 10.0.40219.1
Project("{9A19103F-16F7-4668-BE54-9A1E7A4F7556}") = "CalorieTable", "CalorieTable\CalorieTable.csproj", "{CC706AC7-3A4B-4D0F-BEB3-AC40A3AE13FE}"
EndProject
Project("{FAE04EC0-301F-11D3-BF4B-00C04F79EFBC}") = "CalorieTableIntegrationTest", "CalorieTableIntegrationTest\CalorieTableIntegrationTest.csproj", "{6E012A06-CF93-42FD-A542-C64F742F2C62}"
EndProject
Global
	GlobalSection(SolutionConfigurationPlatforms) = preSolution
		Debug|Any CPU = Debug|Any CPU
		Release|Any CPU = Release|Any CPU
	EndGlobalSection
	GlobalSection(ProjectConfigurationPlatforms) = postSolution
		{CC706AC7-3A4B-4D0F-BEB3-AC40A3AE13FE}.Debug|Any CPU.ActiveCfg = Debug|Any CPU
		{CC706AC7-3A4B-4D0F-BEB3-AC40A3AE13FE}.Debug|Any CPU.Build.0 = Debug|Any CPU
		{CC706AC7-3A4B-4D0F-BEB3-AC40A3AE13FE}.Release|Any CPU.ActiveCfg = Release|Any CPU
		{CC706AC7-3A4B-4D0F-BEB3-AC40A3AE13FE}.Release|Any CPU.Build.0 = Release|Any CPU
		{6E012A06-CF93-42FD-A542-C64F742F2C62}.Debug|Any CPU.ActiveCfg = Debug|Any CPU
		{6E012A06-CF93-42FD-A542-C64F742F2C62}.Debug|Any CPU.Build.0 = Debug|Any CPU
		{6E012A06-CF93-42FD-A542-C64F742F2C62}.Release|Any CPU.ActiveCfg = Release|Any CPU
		{6E012A06-CF93-42FD-A542-C64F742F2C62}.Release|Any CPU.Build.0 = Release|Any CPU
	EndGlobalSection
	GlobalSection(SolutionProperties) = preSolution
		HideSolutionNode = FALSE
	EndGlobalSection
	GlobalSection(ExtensibilityGlobals) = postSolution
		SolutionGuid = {8F03E8F4-8AC6-479E-8BFD-92A2CCC20E58}
	EndGlobalSection
EndGlobal
