
Microsoft Visual Studio Solution File, Format Version 12.00
# Visual Studio 15
VisualStudioVersion = 15.0.27004.2006
MinimumVisualStudioVersion = 10.0.40219.1
Project("{FAE04EC0-301F-11D3-BF4B-00C04F79EFBC}") = "Rora's Cargo", "Rora's Cargo\Rora's Cargo.csproj", "{147F1FC4-E74D-4038-A392-9A0DBF824F61}"
EndProject
Global
	GlobalSection(SolutionConfigurationPlatforms) = preSolution
		Debug|Any CPU = Debug|Any CPU
		Release|Any CPU = Release|Any CPU
	EndGlobalSection
	GlobalSection(ProjectConfigurationPlatforms) = postSolution
		{147F1FC4-E74D-4038-A392-9A0DBF824F61}.Debug|Any CPU.ActiveCfg = Debug|Any CPU
		{147F1FC4-E74D-4038-A392-9A0DBF824F61}.Debug|Any CPU.Build.0 = Debug|Any CPU
		{147F1FC4-E74D-4038-A392-9A0DBF824F61}.Release|Any CPU.ActiveCfg = Release|Any CPU
		{147F1FC4-E74D-4038-A392-9A0DBF824F61}.Release|Any CPU.Build.0 = Release|Any CPU
	EndGlobalSection
	GlobalSection(SolutionProperties) = preSolution
		HideSolutionNode = FALSE
	EndGlobalSection
	GlobalSection(ExtensibilityGlobals) = postSolution
		SolutionGuid = {B962285E-4B68-45CC-94BF-3092B3FA9931}
	EndGlobalSection
EndGlobal
