
Microsoft Visual Studio Solution File, Format Version 12.00
# Visual Studio 15
VisualStudioVersion = 15.0.26730.12
MinimumVisualStudioVersion = 10.0.40219.1
Project("{FAE04EC0-301F-11D3-BF4B-00C04F79EFBC}") = "Exercise4", "Exercise4\Exercise4.csproj", "{802D5009-57F8-4159-8CAF-CECEDF34CFBA}"
EndProject
Global
	GlobalSection(SolutionConfigurationPlatforms) = preSolution
		Debug|Any CPU = Debug|Any CPU
		Release|Any CPU = Release|Any CPU
	EndGlobalSection
	GlobalSection(ProjectConfigurationPlatforms) = postSolution
		{802D5009-57F8-4159-8CAF-CECEDF34CFBA}.Debug|Any CPU.ActiveCfg = Debug|Any CPU
		{802D5009-57F8-4159-8CAF-CECEDF34CFBA}.Debug|Any CPU.Build.0 = Debug|Any CPU
		{802D5009-57F8-4159-8CAF-CECEDF34CFBA}.Release|Any CPU.ActiveCfg = Release|Any CPU
		{802D5009-57F8-4159-8CAF-CECEDF34CFBA}.Release|Any CPU.Build.0 = Release|Any CPU
	EndGlobalSection
	GlobalSection(SolutionProperties) = preSolution
		HideSolutionNode = FALSE
	EndGlobalSection
	GlobalSection(ExtensibilityGlobals) = postSolution
		SolutionGuid = {BED527F4-E13D-4F09-B5E9-D81EF3B7B8D9}
	EndGlobalSection
EndGlobal
