
Microsoft Visual Studio Solution File, Format Version 12.00
# Visual Studio 15
VisualStudioVersion = 15.0.27004.2006
MinimumVisualStudioVersion = 10.0.40219.1
Project("{FAE04EC0-301F-11D3-BF4B-00C04F79EFBC}") = "Frontend", "Frontend\Frontend.csproj", "{6BAA63FB-ADE5-4EC9-93A0-40D1CA321C0F}"
EndProject
Global
	GlobalSection(SolutionConfigurationPlatforms) = preSolution
		Debug|Any CPU = Debug|Any CPU
		Release|Any CPU = Release|Any CPU
	EndGlobalSection
	GlobalSection(ProjectConfigurationPlatforms) = postSolution
		{6BAA63FB-ADE5-4EC9-93A0-40D1CA321C0F}.Debug|Any CPU.ActiveCfg = Debug|Any CPU
		{6BAA63FB-ADE5-4EC9-93A0-40D1CA321C0F}.Debug|Any CPU.Build.0 = Debug|Any CPU
		{6BAA63FB-ADE5-4EC9-93A0-40D1CA321C0F}.Release|Any CPU.ActiveCfg = Release|Any CPU
		{6BAA63FB-ADE5-4EC9-93A0-40D1CA321C0F}.Release|Any CPU.Build.0 = Release|Any CPU
	EndGlobalSection
	GlobalSection(SolutionProperties) = preSolution
		HideSolutionNode = FALSE
	EndGlobalSection
	GlobalSection(ExtensibilityGlobals) = postSolution
		SolutionGuid = {641DCC4F-E49E-4FA7-92D1-5DF02D2728E6}
	EndGlobalSection
EndGlobal
